
Microsoft Visual Studio Solution File, Format Version 12.00
# Visual Studio Version 17
VisualStudioVersion = 17.14.36623.8 d17.14
MinimumVisualStudioVersion = 10.0.40219.1
Project("{FAE04EC0-301F-11D3-BF4B-00C04F79EFBC}") = "trygithub_console", "trygithub_console\trygithub_console.csproj", "{DE4422DA-0A6A-4E9E-84AB-A77B7074B33F}"
EndProject
Global
	GlobalSection(SolutionConfigurationPlatforms) = preSolution
		Debug|Any CPU = Debug|Any CPU
		Release|Any CPU = Release|Any CPU
	EndGlobalSection
	GlobalSection(ProjectConfigurationPlatforms) = postSolution
		{DE4422DA-0A6A-4E9E-84AB-A77B7074B33F}.Debug|Any CPU.ActiveCfg = Debug|Any CPU
		{DE4422DA-0A6A-4E9E-84AB-A77B7074B33F}.Debug|Any CPU.Build.0 = Debug|Any CPU
		{DE4422DA-0A6A-4E9E-84AB-A77B7074B33F}.Release|Any CPU.ActiveCfg = Release|Any CPU
		{DE4422DA-0A6A-4E9E-84AB-A77B7074B33F}.Release|Any CPU.Build.0 = Release|Any CPU
	EndGlobalSection
	GlobalSection(SolutionProperties) = preSolution
		HideSolutionNode = FALSE
	EndGlobalSection
	GlobalSection(ExtensibilityGlobals) = postSolution
		SolutionGuid = {CEE07590-5F91-4A3D-BB2B-816D38F00427}
	EndGlobalSection
EndGlobal
